{
  "name": "newpost",
  "version": "1.0.0",
  "lockfileVersion": 1,
  "requires": true,
  "dependencies": {
    "@aws-crypto/ie11-detection": {
      "version": "2.0.0",
      "resolved": "https://registry.npmjs.org/@aws-crypto/ie11-detection/-/ie11-detection-2.0.0.tgz",
      "integrity": "sha512-pkVXf/dq6PITJ0jzYZ69VhL8VFOFoPZLZqtU/12SGnzYuJOOGNfF41q9GxdI1yqC8R13Rq3jOLKDFpUJFT5eTA==",
      "requires": {
        "tslib": "^1.11.1"
      },
      "dependencies": {
        "tslib": {
          "version": "1.14.1",
          "resolved": "https://registry.npmjs.org/tslib/-/tslib-1.14.1.tgz",
          "integrity": "sha512-Xni35NKzjgMrwevysHTCArtLDpPvye8zV/0E4EyYn43P7/7qvQwPh9BGkHewbMulVntbigmcT7rdX3BNo9wRJg=="
        }
      }
    },
    "@aws-crypto/sha256-browser": {
      "version": "2.0.0",
      "resolved": "https://registry.npmjs.org/@aws-crypto/sha256-browser/-/sha256-browser-2.0.0.tgz",
      "integrity": "sha512-rYXOQ8BFOaqMEHJrLHul/25ckWH6GTJtdLSajhlqGMx0PmSueAuvboCuZCTqEKlxR8CQOwRarxYMZZSYlhRA1A==",
      "requires": {
        "@aws-crypto/ie11-detection": "^2.0.0",
        "@aws-crypto/sha256-js": "^2.0.0",
        "@aws-crypto/supports-web-crypto": "^2.0.0",
        "@aws-crypto/util": "^2.0.0",
        "@aws-sdk/types": "^3.1.0",
        "@aws-sdk/util-locate-window": "^3.0.0",
        "@aws-sdk/util-utf8-browser": "^3.0.0",
        "tslib": "^1.11.1"
      },
      "dependencies": {
        "tslib": {
          "version": "1.14.1",
          "resolved": "https://registry.npmjs.org/tslib/-/tslib-1.14.1.tgz",
          "integrity": "sha512-Xni35NKzjgMrwevysHTCArtLDpPvye8zV/0E4EyYn43P7/7qvQwPh9BGkHewbMulVntbigmcT7rdX3BNo9wRJg=="
        }
      }
    },
    "@aws-crypto/sha256-js": {
      "version": "2.0.0",
      "resolved": "https://registry.npmjs.org/@aws-crypto/sha256-js/-/sha256-js-2.0.0.tgz",
      "integrity": "sha512-VZY+mCY4Nmrs5WGfitmNqXzaE873fcIZDu54cbaDaaamsaTOP1DBImV9F4pICc3EHjQXujyE8jig+PFCaew9ig==",
      "requires": {
        "@aws-crypto/util": "^2.0.0",
        "@aws-sdk/types": "^3.1.0",
        "tslib": "^1.11.1"
      },
      "dependencies": {
        "tslib": {
          "version": "1.14.1",
          "resolved": "https://registry.npmjs.org/tslib/-/tslib-1.14.1.tgz",
          "integrity": "sha512-Xni35NKzjgMrwevysHTCArtLDpPvye8zV/0E4EyYn43P7/7qvQwPh9BGkHewbMulVntbigmcT7rdX3BNo9wRJg=="
        }
      }
    },
    "@aws-crypto/supports-web-crypto": {
      "version": "2.0.0",
      "resolved": "https://registry.npmjs.org/@aws-crypto/supports-web-crypto/-/supports-web-crypto-2.0.0.tgz",
      "integrity": "sha512-Ge7WQ3E0OC7FHYprsZV3h0QIcpdyJLvIeg+uTuHqRYm8D6qCFJoiC+edSzSyFiHtZf+NOQDJ1q46qxjtzIY2nA==",
      "requires": {
        "tslib": "^1.11.1"
      },
      "dependencies": {
        "tslib": {
          "version": "1.14.1",
          "resolved": "https://registry.npmjs.org/tslib/-/tslib-1.14.1.tgz",
          "integrity": "sha512-Xni35NKzjgMrwevysHTCArtLDpPvye8zV/0E4EyYn43P7/7qvQwPh9BGkHewbMulVntbigmcT7rdX3BNo9wRJg=="
        }
      }
    },
    "@aws-crypto/util": {
      "version": "2.0.1",
      "resolved": "https://registry.npmjs.org/@aws-crypto/util/-/util-2.0.1.tgz",
      "integrity": "sha512-JJmFFwvbm08lULw4Nm5QOLg8+lAQeC8aCXK5xrtxntYzYXCGfHwUJ4Is3770Q7HmICsXthGQ+ZsDL7C2uH3yBQ==",
      "requires": {
        "@aws-sdk/types": "^3.1.0",
        "@aws-sdk/util-utf8-browser": "^3.0.0",
        "tslib": "^1.11.1"
      },
      "dependencies": {
        "tslib": {
          "version": "1.14.1",
          "resolved": "https://registry.npmjs.org/tslib/-/tslib-1.14.1.tgz",
          "integrity": "sha512-Xni35NKzjgMrwevysHTCArtLDpPvye8zV/0E4EyYn43P7/7qvQwPh9BGkHewbMulVntbigmcT7rdX3BNo9wRJg=="
        }
      }
    },
    "@aws-sdk/abort-controller": {
      "version": "3.50.0",
      "resolved": "https://registry.npmjs.org/@aws-sdk/abort-controller/-/abort-controller-3.50.0.tgz",
      "integrity": "sha512-QNr5uKO5mL5OyJr6w2yub3dF00WeLtw5qgNZIeb1bN2onbh3d8VreHi3glkXQw3SI1UE9O1HsqEknMJhTupvKg==",
      "requires": {
        "@aws-sdk/types": "3.50.0",
        "tslib": "^2.3.0"
      }
    },
    "@aws-sdk/client-cognito-identity": {
      "version": "3.51.0",
      "resolved": "https://registry.npmjs.org/@aws-sdk/client-cognito-identity/-/client-cognito-identity-3.51.0.tgz",
      "integrity": "sha512-N8xo2oB2x4+3+NYi9/QeiGt288/TiZ8ACYuY4ClLj9GFkBKCYhlx/gn/ucd1KIHjoZEIdcd1+OyFRWmK08KbhA==",
      "requires": {
        "@aws-crypto/sha256-browser": "2.0.0",
        "@aws-crypto/sha256-js": "2.0.0",
        "@aws-sdk/client-sts": "3.51.0",
        "@aws-sdk/config-resolver": "3.51.0",
        "@aws-sdk/credential-provider-node": "3.51.0",
        "@aws-sdk/fetch-http-handler": "3.50.0",
        "@aws-sdk/hash-node": "3.50.0",
        "@aws-sdk/invalid-dependency": "3.50.0",
        "@aws-sdk/middleware-content-length": "3.50.0",
        "@aws-sdk/middleware-host-header": "3.50.0",
        "@aws-sdk/middleware-logger": "3.50.0",
        "@aws-sdk/middleware-retry": "3.51.0",
        "@aws-sdk/middleware-serde": "3.50.0",
        "@aws-sdk/middleware-signing": "3.50.0",
        "@aws-sdk/middleware-stack": "3.50.0",
        "@aws-sdk/middleware-user-agent": "3.50.0",
        "@aws-sdk/node-config-provider": "3.51.0",
        "@aws-sdk/node-http-handler": "3.50.0",
        "@aws-sdk/protocol-http": "3.50.0",
        "@aws-sdk/smithy-client": "3.50.0",
        "@aws-sdk/types": "3.50.0",
        "@aws-sdk/url-parser": "3.50.0",
        "@aws-sdk/util-base64-browser": "3.49.0",
        "@aws-sdk/util-base64-node": "3.49.0",
        "@aws-sdk/util-body-length-browser": "3.49.0",
        "@aws-sdk/util-body-length-node": "3.49.0",
        "@aws-sdk/util-defaults-mode-browser": "3.50.0",
        "@aws-sdk/util-defaults-mode-node": "3.51.0",
        "@aws-sdk/util-user-agent-browser": "3.50.0",
        "@aws-sdk/util-user-agent-node": "3.51.0",
        "@aws-sdk/util-utf8-browser": "3.49.0",
        "@aws-sdk/util-utf8-node": "3.49.0",
        "tslib": "^2.3.0"
      }
    },
    "@aws-sdk/client-polly": {
      "version": "3.51.0",
      "resolved": "https://registry.npmjs.org/@aws-sdk/client-polly/-/client-polly-3.51.0.tgz",
      "integrity": "sha512-ljlEArhvquPJUvno8mMFg+APgsMV6NwbF7Imz4t8TH6+44OlRpXVw8yY4gSvZHQ6aKOERbFCwz3FTqRiN5MT/A==",
      "requires": {
        "@aws-crypto/sha256-browser": "2.0.0",
        "@aws-crypto/sha256-js": "2.0.0",
        "@aws-sdk/client-sts": "3.51.0",
        "@aws-sdk/config-resolver": "3.51.0",
        "@aws-sdk/credential-provider-node": "3.51.0",
        "@aws-sdk/fetch-http-handler": "3.50.0",
        "@aws-sdk/hash-node": "3.50.0",
        "@aws-sdk/invalid-dependency": "3.50.0",
        "@aws-sdk/middleware-content-length": "3.50.0",
        "@aws-sdk/middleware-host-header": "3.50.0",
        "@aws-sdk/middleware-logger": "3.50.0",
        "@aws-sdk/middleware-retry": "3.51.0",
        "@aws-sdk/middleware-serde": "3.50.0",
        "@aws-sdk/middleware-signing": "3.50.0",
        "@aws-sdk/middleware-stack": "3.50.0",
        "@aws-sdk/middleware-user-agent": "3.50.0",
        "@aws-sdk/node-config-provider": "3.51.0",
        "@aws-sdk/node-http-handler": "3.50.0",
        "@aws-sdk/protocol-http": "3.50.0",
        "@aws-sdk/smithy-client": "3.50.0",
        "@aws-sdk/types": "3.50.0",
        "@aws-sdk/url-parser": "3.50.0",
        "@aws-sdk/util-base64-browser": "3.49.0",
        "@aws-sdk/util-base64-node": "3.49.0",
        "@aws-sdk/util-body-length-browser": "3.49.0",
        "@aws-sdk/util-body-length-node": "3.49.0",
        "@aws-sdk/util-defaults-mode-browser": "3.50.0",
        "@aws-sdk/util-defaults-mode-node": "3.51.0",
        "@aws-sdk/util-user-agent-browser": "3.50.0",
        "@aws-sdk/util-user-agent-node": "3.51.0",
        "@aws-sdk/util-utf8-browser": "3.49.0",
        "@aws-sdk/util-utf8-node": "3.49.0",
        "tslib": "^2.3.0"
      }
    },
    "@aws-sdk/client-sso": {
      "version": "3.51.0",
      "resolved": "https://registry.npmjs.org/@aws-sdk/client-sso/-/client-sso-3.51.0.tgz",
      "integrity": "sha512-YTYCQxptU5CwkHscHwF+2JGZ1a+YsT3G7ZEaKNYuz0iMtQd7koSsLSbvt6EDxjYJZQ6y7gUriRJWJq/LPn55kg==",
      "requires": {
        "@aws-crypto/sha256-browser": "2.0.0",
        "@aws-crypto/sha256-js": "2.0.0",
        "@aws-sdk/config-resolver": "3.51.0",
        "@aws-sdk/fetch-http-handler": "3.50.0",
        "@aws-sdk/hash-node": "3.50.0",
        "@aws-sdk/invalid-dependency": "3.50.0",
        "@aws-sdk/middleware-content-length": "3.50.0",
        "@aws-sdk/middleware-host-header": "3.50.0",
        "@aws-sdk/middleware-logger": "3.50.0",
        "@aws-sdk/middleware-retry": "3.51.0",
        "@aws-sdk/middleware-serde": "3.50.0",
        "@aws-sdk/middleware-stack": "3.50.0",
        "@aws-sdk/middleware-user-agent": "3.50.0",
        "@aws-sdk/node-config-provider": "3.51.0",
        "@aws-sdk/node-http-handler": "3.50.0",
        "@aws-sdk/protocol-http": "3.50.0",
        "@aws-sdk/smithy-client": "3.50.0",
        "@aws-sdk/types": "3.50.0",
        "@aws-sdk/url-parser": "3.50.0",
        "@aws-sdk/util-base64-browser": "3.49.0",
        "@aws-sdk/util-base64-node": "3.49.0",
        "@aws-sdk/util-body-length-browser": "3.49.0",
        "@aws-sdk/util-body-length-node": "3.49.0",
        "@aws-sdk/util-defaults-mode-browser": "3.50.0",
        "@aws-sdk/util-defaults-mode-node": "3.51.0",
        "@aws-sdk/util-user-agent-browser": "3.50.0",
        "@aws-sdk/util-user-agent-node": "3.51.0",
        "@aws-sdk/util-utf8-browser": "3.49.0",
        "@aws-sdk/util-utf8-node": "3.49.0",
        "tslib": "^2.3.0"
      }
    },
    "@aws-sdk/client-sts": {
      "version": "3.51.0",
      "resolved": "https://registry.npmjs.org/@aws-sdk/client-sts/-/client-sts-3.51.0.tgz",
      "integrity": "sha512-/dD+4tuolPQNiQArGa3PtVc8k6umfoY2YUVEt9eBzvnWnakbAtAoByiv3N9qxOph6511nZoz2MJV+ych4/eacA==",
      "requires": {
        "@aws-crypto/sha256-browser": "2.0.0",
        "@aws-crypto/sha256-js": "2.0.0",
        "@aws-sdk/config-resolver": "3.51.0",
        "@aws-sdk/credential-provider-node": "3.51.0",
        "@aws-sdk/fetch-http-handler": "3.50.0",
        "@aws-sdk/hash-node": "3.50.0",
        "@aws-sdk/invalid-dependency": "3.50.0",
        "@aws-sdk/middleware-content-length": "3.50.0",
        "@aws-sdk/middleware-host-header": "3.50.0",
        "@aws-sdk/middleware-logger": "3.50.0",
        "@aws-sdk/middleware-retry": "3.51.0",
        "@aws-sdk/middleware-sdk-sts": "3.50.0",
        "@aws-sdk/middleware-serde": "3.50.0",
        "@aws-sdk/middleware-signing": "3.50.0",
        "@aws-sdk/middleware-stack": "3.50.0",
        "@aws-sdk/middleware-user-agent": "3.50.0",
        "@aws-sdk/node-config-provider": "3.51.0",
        "@aws-sdk/node-http-handler": "3.50.0",
        "@aws-sdk/protocol-http": "3.50.0",
        "@aws-sdk/smithy-client": "3.50.0",
        "@aws-sdk/types": "3.50.0",
        "@aws-sdk/url-parser": "3.50.0",
        "@aws-sdk/util-base64-browser": "3.49.0",
        "@aws-sdk/util-base64-node": "3.49.0",
        "@aws-sdk/util-body-length-browser": "3.49.0",
        "@aws-sdk/util-body-length-node": "3.49.0",
        "@aws-sdk/util-defaults-mode-browser": "3.50.0",
        "@aws-sdk/util-defaults-mode-node": "3.51.0",
        "@aws-sdk/util-user-agent-browser": "3.50.0",
        "@aws-sdk/util-user-agent-node": "3.51.0",
        "@aws-sdk/util-utf8-browser": "3.49.0",
        "@aws-sdk/util-utf8-node": "3.49.0",
        "entities": "2.2.0",
        "fast-xml-parser": "3.19.0",
        "tslib": "^2.3.0"
      }
    },
    "@aws-sdk/config-resolver": {
      "version": "3.51.0",
      "resolved": "https://registry.npmjs.org/@aws-sdk/config-resolver/-/config-resolver-3.51.0.tgz",
      "integrity": "sha512-TjPw78e/y2WOBOOQgasLiMtwwfv4pyTwhqUM9d+yzNBUKjN/Xun+b1bjxZB3QQFRhG1NFGaTSWi7y+c9o3lDWw==",
      "requires": {
        "@aws-sdk/signature-v4": "3.50.0",
        "@aws-sdk/types": "3.50.0",
        "@aws-sdk/util-config-provider": "3.49.0",
        "tslib": "^2.3.0"
      }
    },
    "@aws-sdk/credential-provider-cognito-identity": {
      "version": "3.51.0",
      "resolved": "https://registry.npmjs.org/@aws-sdk/credential-provider-cognito-identity/-/credential-provider-cognito-identity-3.51.0.tgz",
      "integrity": "sha512-M2gjzZ7sXfFTLa7OFLe6X8Jy5DvpgJ0P4Y6v77PiBiDW65SRRhA1TS6GYOj5V9J+F4FcVVwy3f0wZifDSB/lWg==",
      "requires": {
        "@aws-sdk/client-cognito-identity": "3.51.0",
        "@aws-sdk/property-provider": "3.50.0",
        "@aws-sdk/types": "3.50.0",
        "tslib": "^2.3.0"
      }
    },
    "@aws-sdk/credential-provider-env": {
      "version": "3.50.0",
      "resolved": "https://registry.npmjs.org/@aws-sdk/credential-provider-env/-/credential-provider-env-3.50.0.tgz",
      "integrity": "sha512-ZyFORU/soLC2R8kfIB8ppmmuCF+xkb2PAbSiGf1v7Q9OkqklIo9w4kJhEyV96UWgRy+dzBh9knIXJ6Ok/Tey2Q==",
      "requires": {
        "@aws-sdk/property-provider": "3.50.0",
        "@aws-sdk/types": "3.50.0",
        "tslib": "^2.3.0"
      }
    },
    "@aws-sdk/credential-provider-imds": {
      "version": "3.51.0",
      "resolved": "https://registry.npmjs.org/@aws-sdk/credential-provider-imds/-/credential-provider-imds-3.51.0.tgz",
      "integrity": "sha512-hAUOo/TppiFvk37r4/RktslLr6DNa18YiTVw5WDtweYVNaJ2GUnyEa2nV4GtYwZOSrbQ2nZltYhVzgDbxVpseA==",
      "requires": {
        "@aws-sdk/node-config-provider": "3.51.0",
        "@aws-sdk/property-provider": "3.50.0",
        "@aws-sdk/types": "3.50.0",
        "@aws-sdk/url-parser": "3.50.0",
        "tslib": "^2.3.0"
      }
    },
    "@aws-sdk/credential-provider-ini": {
      "version": "3.51.0",
      "resolved": "https://registry.npmjs.org/@aws-sdk/credential-provider-ini/-/credential-provider-ini-3.51.0.tgz",
      "integrity": "sha512-CN+By85sZisxq4tmNB5RYnPagQdF/g5bdo+B/izPoRxd91VSAkX/YYdTwhzQ8E2uD/CktLRn/oHq8iIpuRsG6Q==",
      "requires": {
        "@aws-sdk/credential-provider-env": "3.50.0",
        "@aws-sdk/credential-provider-imds": "3.51.0",
        "@aws-sdk/credential-provider-sso": "3.51.0",
        "@aws-sdk/credential-provider-web-identity": "3.50.0",
        "@aws-sdk/property-provider": "3.50.0",
        "@aws-sdk/shared-ini-file-loader": "3.51.0",
        "@aws-sdk/types": "3.50.0",
        "@aws-sdk/util-credentials": "3.51.0",
        "tslib": "^2.3.0"
      }
    },
    "@aws-sdk/credential-provider-node": {
      "version": "3.51.0",
      "resolved": "https://registry.npmjs.org/@aws-sdk/credential-provider-node/-/credential-provider-node-3.51.0.tgz",
      "integrity": "sha512-rF1F2Yem886bufwWi4Li6JWUZ/8sjvZN4xzoHw2L8+TXcTtYBY0QpSAApIBjtSTQHoX6mtHKl5TDb9durGhIug==",
      "requires": {
        "@aws-sdk/credential-provider-env": "3.50.0",
        "@aws-sdk/credential-provider-imds": "3.51.0",
        "@aws-sdk/credential-provider-ini": "3.51.0",
        "@aws-sdk/credential-provider-process": "3.51.0",
        "@aws-sdk/credential-provider-sso": "3.51.0",
        "@aws-sdk/credential-provider-web-identity": "3.50.0",
        "@aws-sdk/property-provider": "3.50.0",
        "@aws-sdk/shared-ini-file-loader": "3.51.0",
        "@aws-sdk/types": "3.50.0",
        "@aws-sdk/util-credentials": "3.51.0",
        "tslib": "^2.3.0"
      }
    },
    "@aws-sdk/credential-provider-process": {
      "version": "3.51.0",
      "resolved": "https://registry.npmjs.org/@aws-sdk/credential-provider-process/-/credential-provider-process-3.51.0.tgz",
      "integrity": "sha512-m99NHjQBg+dJ5v6Rcgqm/vn65clFEYiK2ygvu2gKJzqbNWWj1soTyhvxUC2Qi5z4VJvTfN5hABXNzlJPbMk6pw==",
      "requires": {
        "@aws-sdk/property-provider": "3.50.0",
        "@aws-sdk/shared-ini-file-loader": "3.51.0",
        "@aws-sdk/types": "3.50.0",
        "@aws-sdk/util-credentials": "3.51.0",
        "tslib": "^2.3.0"
      }
    },
    "@aws-sdk/credential-provider-sso": {
      "version": "3.51.0",
      "resolved": "https://registry.npmjs.org/@aws-sdk/credential-provider-sso/-/credential-provider-sso-3.51.0.tgz",
      "integrity": "sha512-EIpk6opibnbFn5TBT00UysWlVASq+J+YWTs2I9oNuO4qazzLxkvnF9qH0Xx695Vb3VgCseUcu6wpnN5IFgRQ1w==",
      "requires": {
        "@aws-sdk/client-sso": "3.51.0",
        "@aws-sdk/property-provider": "3.50.0",
        "@aws-sdk/shared-ini-file-loader": "3.51.0",
        "@aws-sdk/types": "3.50.0",
        "@aws-sdk/util-credentials": "3.51.0",
        "tslib": "^2.3.0"
      }
    },
    "@aws-sdk/credential-provider-web-identity": {
      "version": "3.50.0",
      "resolved": "https://registry.npmjs.org/@aws-sdk/credential-provider-web-identity/-/credential-provider-web-identity-3.50.0.tgz",
      "integrity": "sha512-zaujz5di3UfNQVv0FUw0S5L1eHm4+thg4tlncaEASJoU9wLKnyGlcnNlqscJ0rBZzk7EdOuibX/nQCD9/tI8UA==",
      "requires": {
        "@aws-sdk/property-provider": "3.50.0",
        "@aws-sdk/types": "3.50.0",
        "tslib": "^2.3.0"
      }
    },
    "@aws-sdk/fetch-http-handler": {
      "version": "3.50.0",
      "resolved": "https://registry.npmjs.org/@aws-sdk/fetch-http-handler/-/fetch-http-handler-3.50.0.tgz",
      "integrity": "sha512-2ntw0cvu/AYAthhhiMz9MlHQffVZbb0NqLwA72A+IBAQaI+jI3NxCWNIdPaowDWJ008ip5LCrXb7TpgX0wl65Q==",
      "requires": {
        "@aws-sdk/protocol-http": "3.50.0",
        "@aws-sdk/querystring-builder": "3.50.0",
        "@aws-sdk/types": "3.50.0",
        "@aws-sdk/util-base64-browser": "3.49.0",
        "tslib": "^2.3.0"
      }
    },
    "@aws-sdk/hash-node": {
      "version": "3.50.0",
      "resolved": "https://registry.npmjs.org/@aws-sdk/hash-node/-/hash-node-3.50.0.tgz",
      "integrity": "sha512-g0rgNaGt2OkoypnIy81QUamgIgVEmNl3OPPv8Ug2xDu+HJJQ2q7kIRTdVd9NZr3cCUMP4hsaYtwBYA4QOvtvLg==",
      "requires": {
        "@aws-sdk/types": "3.50.0",
        "@aws-sdk/util-buffer-from": "3.49.0",
        "tslib": "^2.3.0"
      }
    },
    "@aws-sdk/invalid-dependency": {
      "version": "3.50.0",
      "resolved": "https://registry.npmjs.org/@aws-sdk/invalid-dependency/-/invalid-dependency-3.50.0.tgz",
      "integrity": "sha512-Eu/I0rFnCgA6InIQ3h4jDmdUpDrGGFZH84+mN+LcVavE+j84WRGb1VNWsEWori8is7bjuM7e7twOvNxJ6rDqTw==",
      "requires": {
        "@aws-sdk/types": "3.50.0",
        "tslib": "^2.3.0"
      }
    },
    "@aws-sdk/is-array-buffer": {
      "version": "3.49.0",
      "resolved": "https://registry.npmjs.org/@aws-sdk/is-array-buffer/-/is-array-buffer-3.49.0.tgz",
      "integrity": "sha512-tLba+xvlm1+aAnv+bGieVZo8DCENbqfS9kLf/hp+9hrUSiNAsxs9Pqi34JBpMKGn6h9qORp6f8ClRS+gK8yvWg==",
      "requires": {
        "tslib": "^2.3.0"
      }
    },
    "@aws-sdk/middleware-content-length": {
      "version": "3.50.0",
      "resolved": "https://registry.npmjs.org/@aws-sdk/middleware-content-length/-/middleware-content-length-3.50.0.tgz",
      "integrity": "sha512-vMvE4qFuquNApbJhJx2AFTlw8/XzhVthemUsPr5+/Np11ns5NdeNPOEg3DtA5kViLEk9p/mqHRBwzp5ef40xaw==",
      "requires": {
        "@aws-sdk/protocol-http": "3.50.0",
        "@aws-sdk/types": "3.50.0",
        "tslib": "^2.3.0"
      }
    },
    "@aws-sdk/middleware-host-header": {
      "version": "3.50.0",
      "resolved": "https://registry.npmjs.org/@aws-sdk/middleware-host-header/-/middleware-host-header-3.50.0.tgz",
      "integrity": "sha512-y9n6o7PdGP608KuxJ4p3u6kcVVoG2cS1lF5e23s0ZfdtRvXHPjMDmfjBZRl4UQyZBQezKjIUcdX411j5lklcJA==",
      "requires": {
        "@aws-sdk/protocol-http": "3.50.0",
        "@aws-sdk/types": "3.50.0",
        "tslib": "^2.3.0"
      }
    },
    "@aws-sdk/middleware-logger": {
      "version": "3.50.0",
      "resolved": "https://registry.npmjs.org/@aws-sdk/middleware-logger/-/middleware-logger-3.50.0.tgz",
      "integrity": "sha512-kAEyl3wmFz3NgUvqC5bqiIWNV72sIuxqIWVeDWk3bAQylXAEa1kGaCgxNtY7Toz1dXk4rKagSa/hSIGNwgMm4A==",
      "requires": {
        "@aws-sdk/types": "3.50.0",
        "tslib": "^2.3.0"
      }
    },
    "@aws-sdk/middleware-retry": {
      "version": "3.51.0",
      "resolved": "https://registry.npmjs.org/@aws-sdk/middleware-retry/-/middleware-retry-3.51.0.tgz",
      "integrity": "sha512-MhQoNoem3K077z6SoW+sAAKrmTz6pF8Dx5JWUAr+kzazaMGV0sCCqG8B1Uc7i13yQ7cBSTS3UWjXy5XpQxd9KQ==",
      "requires": {
        "@aws-sdk/protocol-http": "3.50.0",
        "@aws-sdk/service-error-classification": "3.50.0",
        "@aws-sdk/types": "3.50.0",
        "tslib": "^2.3.0",
        "uuid": "^8.3.2"
      }
    },
    "@aws-sdk/middleware-sdk-sts": {
      "version": "3.50.0",
      "resolved": "https://registry.npmjs.org/@aws-sdk/middleware-sdk-sts/-/middleware-sdk-sts-3.50.0.tgz",
      "integrity": "sha512-o0SqaYs8TrPkm4G356GY9gucvwI2gCMxw7MAhm0tmfQu8ZL4RyNzsnGZmhgFbmpw59vJ9RxIAA8zwiKR2gI9lw==",
      "requires": {
        "@aws-sdk/middleware-signing": "3.50.0",
        "@aws-sdk/property-provider": "3.50.0",
        "@aws-sdk/protocol-http": "3.50.0",
        "@aws-sdk/signature-v4": "3.50.0",
        "@aws-sdk/types": "3.50.0",
        "tslib": "^2.3.0"
      }
    },
    "@aws-sdk/middleware-serde": {
      "version": "3.50.0",
      "resolved": "https://registry.npmjs.org/@aws-sdk/middleware-serde/-/middleware-serde-3.50.0.tgz",
      "integrity": "sha512-z8u2/setFnkjyh5jVNjZuwSjJRRZoE1JbueVqXj7HKVRBUcaofwutSi6C5e7Vtfr2Q+n/yTF5sUX9gcuPgTU0A==",
      "requires": {
        "@aws-sdk/types": "3.50.0",
        "tslib": "^2.3.0"
      }
    },
    "@aws-sdk/middleware-signing": {
      "version": "3.50.0",
      "resolved": "https://registry.npmjs.org/@aws-sdk/middleware-signing/-/middleware-signing-3.50.0.tgz",
      "integrity": "sha512-sokzKMuMCBGZJki5i0fO8F7QIlb7AjzQZ0585QD11HFQvt1v2uVTfKQ0rhJ90ayR+tDKTdv2iF2JTOVaMTkYlQ==",
      "requires": {
        "@aws-sdk/property-provider": "3.50.0",
        "@aws-sdk/protocol-http": "3.50.0",
        "@aws-sdk/signature-v4": "3.50.0",
        "@aws-sdk/types": "3.50.0",
        "tslib": "^2.3.0"
      }
    },
    "@aws-sdk/middleware-stack": {
      "version": "3.50.0",
      "resolved": "https://registry.npmjs.org/@aws-sdk/middleware-stack/-/middleware-stack-3.50.0.tgz",
      "integrity": "sha512-bnWnNz/KWMI0DT7neTV08oDyGEa4FUUpVS3xtL0JpYuUT8+k+9NlaR3DW5hWzKWKOXAV9LVx5GTyetZjXtwp/A==",
      "requires": {
        "tslib": "^2.3.0"
      }
    },
    "@aws-sdk/middleware-user-agent": {
      "version": "3.50.0",
      "resolved": "https://registry.npmjs.org/@aws-sdk/middleware-user-agent/-/middleware-user-agent-3.50.0.tgz",
      "integrity": "sha512-djHWGzHyXNwJVTGEJ3xKNXr3s0XKfnVLq+B+isqNvR2Z42XdXd/ke1xZ+ZLcwO6dfZ5D7oUPtYJHTmBAZet3aQ==",
      "requires": {
        "@aws-sdk/protocol-http": "3.50.0",
        "@aws-sdk/types": "3.50.0",
        "tslib": "^2.3.0"
      }
    },
    "@aws-sdk/node-config-provider": {
      "version": "3.51.0",
      "resolved": "https://registry.npmjs.org/@aws-sdk/node-config-provider/-/node-config-provider-3.51.0.tgz",
      "integrity": "sha512-EqZzpKNCO/wq7JF3Pc6dzlERN9TxopbYysaYhg1XvDznKXRWcEM1YL1vQJXzcDYSDu6c/alBGKEFJTqUD9WClg==",
      "requires": {
        "@aws-sdk/property-provider": "3.50.0",
        "@aws-sdk/shared-ini-file-loader": "3.51.0",
        "@aws-sdk/types": "3.50.0",
        "tslib": "^2.3.0"
      }
    },
    "@aws-sdk/node-http-handler": {
      "version": "3.50.0",
      "resolved": "https://registry.npmjs.org/@aws-sdk/node-http-handler/-/node-http-handler-3.50.0.tgz",
      "integrity": "sha512-k7/A8yzIyq1NEWfuv/HprJs8kHXVSLKxWRDS6aEE92wyMFs8o/B+E7MEVeuYbldvpBU0GDg8ZbAYLX2yIxQj+A==",
      "requires": {
        "@aws-sdk/abort-controller": "3.50.0",
        "@aws-sdk/protocol-http": "3.50.0",
        "@aws-sdk/querystring-builder": "3.50.0",
        "@aws-sdk/types": "3.50.0",
        "tslib": "^2.3.0"
      }
    },
    "@aws-sdk/property-provider": {
      "version": "3.50.0",
      "resolved": "https://registry.npmjs.org/@aws-sdk/property-provider/-/property-provider-3.50.0.tgz",
      "integrity": "sha512-mY59kMP7QGNO19mxz+bAuvwEOeGwD7Dy/CeG3qGSGnEUrymjyPt31R+ptaZpE2gP5/ZEGBohbmDZag0l6sQyxg==",
      "requires": {
        "@aws-sdk/types": "3.50.0",
        "tslib": "^2.3.0"
      }
    },
    "@aws-sdk/protocol-http": {
      "version": "3.50.0",
      "resolved": "https://registry.npmjs.org/@aws-sdk/protocol-http/-/protocol-http-3.50.0.tgz",
      "integrity": "sha512-o6/eoDqjNRIKq6Zp5ujS6oP/GhQRzqvEsvWgKXHMVEMPmr9jkyQEdOqs4eWQ0+eRKJYhhWU3Perd6B+8z7BC1Q==",
      "requires": {
        "@aws-sdk/types": "3.50.0",
        "tslib": "^2.3.0"
      }
    },
    "@aws-sdk/querystring-builder": {
      "version": "3.50.0",
      "resolved": "https://registry.npmjs.org/@aws-sdk/querystring-builder/-/querystring-builder-3.50.0.tgz",
      "integrity": "sha512-2p9dt38qsWTo6iIdlIbsatNP8frEH0uqBcehJErX48UFhdeuRpy5E75c4Y9nRcqK2dZLpJ1ph+IiOiJEi28ZPg==",
      "requires": {
        "@aws-sdk/types": "3.50.0",
        "@aws-sdk/util-uri-escape": "3.49.0",
        "tslib": "^2.3.0"
      }
    },
    "@aws-sdk/querystring-parser": {
      "version": "3.50.0",
      "resolved": "https://registry.npmjs.org/@aws-sdk/querystring-parser/-/querystring-parser-3.50.0.tgz",
      "integrity": "sha512-7bDwE4oAT1R78s7qvQsfuzMN0mKe86wWApUe7FPBitpcxstQhTRF3w+fuAwjJCxEQ/Dq/yYzYN1BNELLCon19Q==",
      "requires": {
        "@aws-sdk/types": "3.50.0",
        "tslib": "^2.3.0"
      }
    },
    "@aws-sdk/service-error-classification": {
      "version": "3.50.0",
      "resolved": "https://registry.npmjs.org/@aws-sdk/service-error-classification/-/service-error-classification-3.50.0.tgz",
      "integrity": "sha512-w3ZrVnBfNTOH2B4SNgtGT/oUuQhNTONDgVZxDdIj0AXLEV7qAipI8bU32SMXTx1Lds7gaqysKsWw5F/Bc5MlLg=="
    },
    "@aws-sdk/shared-ini-file-loader": {
      "version": "3.51.0",
      "resolved": "https://registry.npmjs.org/@aws-sdk/shared-ini-file-loader/-/shared-ini-file-loader-3.51.0.tgz",
      "integrity": "sha512-4BglbnyUugAis4TX2XmZdgwoKouoTo6ey9nKyXPqpF/T3T6xqw1BrV0LCtChFOEue7WxhcufAcbLiofnYV9EAA==",
      "requires": {
        "tslib": "^2.3.0"
      }
    },
    "@aws-sdk/signature-v4": {
      "version": "3.50.0",
      "resolved": "https://registry.npmjs.org/@aws-sdk/signature-v4/-/signature-v4-3.50.0.tgz",
      "integrity": "sha512-NEYqyKjq453Aqv1fBMj8bLwf/Rus6IxY1YpbeCMtZOPlTxHg9KPWd7GzjIFP4AbD1iksxqtBO+C5mFLcejYNUA==",
      "requires": {
        "@aws-sdk/is-array-buffer": "3.49.0",
        "@aws-sdk/types": "3.50.0",
        "@aws-sdk/util-hex-encoding": "3.49.0",
        "@aws-sdk/util-uri-escape": "3.49.0",
        "tslib": "^2.3.0"
      }
    },
    "@aws-sdk/smithy-client": {
      "version": "3.50.0",
      "resolved": "https://registry.npmjs.org/@aws-sdk/smithy-client/-/smithy-client-3.50.0.tgz",
      "integrity": "sha512-0pX4GNONWS5PqJwAfJH0E3fdzvqhtfwPPhq2ZiFCx7wTir9Y3R4dKMbeeXUf7QsjZzC41Nz9/7xYsSjPsMRKAA==",
      "requires": {
        "@aws-sdk/middleware-stack": "3.50.0",
        "@aws-sdk/types": "3.50.0",
        "tslib": "^2.3.0"
      }
    },
    "@aws-sdk/types": {
      "version": "3.50.0",
      "resolved": "https://registry.npmjs.org/@aws-sdk/types/-/types-3.50.0.tgz",
      "integrity": "sha512-ANj9L+lR4NWWSLPkr5tRdFaw0kW0BjlDgnyNWyFrGVOHqT0MYjhCjPsH2y45G59z+b2qe+v/VsKuTyNmSvoZCA=="
    },
    "@aws-sdk/url-parser": {
      "version": "3.50.0",
      "resolved": "https://registry.npmjs.org/@aws-sdk/url-parser/-/url-parser-3.50.0.tgz",
      "integrity": "sha512-dyexaE+SJpN8Cf9nm3Uslo9eySjA9B22Mb/lw7XLgG58IxMmvj6+IjphV0/uIqj3CJ5OS7B7r5RCc5xqZwhCqg==",
      "requires": {
        "@aws-sdk/querystring-parser": "3.50.0",
        "@aws-sdk/types": "3.50.0",
        "tslib": "^2.3.0"
      }
    },
    "@aws-sdk/util-base64-browser": {
      "version": "3.49.0",
      "resolved": "https://registry.npmjs.org/@aws-sdk/util-base64-browser/-/util-base64-browser-3.49.0.tgz",
      "integrity": "sha512-HFXJbsJC6AfrnO9M8KuFDo4ihvLbCbCFCfpWy0Gs4t8kTcvGqH8fIpfVsQKAtFHMmb8fen2LduOk+NNSA7srYw==",
      "requires": {
        "tslib": "^2.3.0"
      }
    },
    "@aws-sdk/util-base64-node": {
      "version": "3.49.0",
      "resolved": "https://registry.npmjs.org/@aws-sdk/util-base64-node/-/util-base64-node-3.49.0.tgz",
      "integrity": "sha512-xFAzOLZJOEZipG3KVLjB5z1g5PJSi6cmZOGWg2NC2/H5N0/Z+e5ObnIH8mpfO1d6kWchUuo3qJ6fTOvg/ynw7A==",
      "requires": {
        "@aws-sdk/util-buffer-from": "3.49.0",
        "tslib": "^2.3.0"
      }
    },
    "@aws-sdk/util-body-length-browser": {
      "version": "3.49.0",
      "resolved": "https://registry.npmjs.org/@aws-sdk/util-body-length-browser/-/util-body-length-browser-3.49.0.tgz",
      "integrity": "sha512-4a9Bw33JGKefaZDORlosQRMKxJGEYEiDD5kgNvwIv+KRl5yj2unePia6aFWMqXTWqidOb9WVlqc0Lh73ei5pTg==",
      "requires": {
        "tslib": "^2.3.0"
      }
    },
    "@aws-sdk/util-body-length-node": {
      "version": "3.49.0",
      "resolved": "https://registry.npmjs.org/@aws-sdk/util-body-length-node/-/util-body-length-node-3.49.0.tgz",
      "integrity": "sha512-ME5Sc8jo9BzToUjWskQKZM/NqN9PpwRDTOSH6EISDBUiH5bhWfY8MLkZqIN2UZz/XOiV3yOeWAU+fMYNnGdAQQ==",
      "requires": {
        "tslib": "^2.3.0"
      }
    },
    "@aws-sdk/util-buffer-from": {
      "version": "3.49.0",
      "resolved": "https://registry.npmjs.org/@aws-sdk/util-buffer-from/-/util-buffer-from-3.49.0.tgz",
      "integrity": "sha512-8JbIPYn91f+16QpDk000PdIBlBZu8/SoL1nF2fpAJ+M98jXpKUws3oiCztJ2FPIKRe/3ikKuZM4HxWrDyJa40Q==",
      "requires": {
        "@aws-sdk/is-array-buffer": "3.49.0",
        "tslib": "^2.3.0"
      }
    },
    "@aws-sdk/util-config-provider": {
      "version": "3.49.0",
      "resolved": "https://registry.npmjs.org/@aws-sdk/util-config-provider/-/util-config-provider-3.49.0.tgz",
      "integrity": "sha512-oVGT9q9UIGdv9Cra4B51QNciWKYQXTlfh8oD2FgLp91NbGTIkQLvK7Pah4TbBoa5+0u/obBI07UwCVn7wphWBQ==",
      "requires": {
        "tslib": "^2.3.0"
      }
    },
    "@aws-sdk/util-credentials": {
      "version": "3.51.0",
      "resolved": "https://registry.npmjs.org/@aws-sdk/util-credentials/-/util-credentials-3.51.0.tgz",
      "integrity": "sha512-qAvsK4etS/lRtQaJRBdJquaASvsxlcLE7eFsWHkjzzaUvuOxB98nO9GCe5J2SDbKvnexQt+PUKNpH8JyO59JPQ==",
      "requires": {
        "@aws-sdk/shared-ini-file-loader": "3.51.0",
        "tslib": "^2.3.0"
      }
    },
    "@aws-sdk/util-defaults-mode-browser": {
      "version": "3.50.0",
      "resolved": "https://registry.npmjs.org/@aws-sdk/util-defaults-mode-browser/-/util-defaults-mode-browser-3.50.0.tgz",
      "integrity": "sha512-W5WMC+3IHshIEK3WePHoI64B06IWqBLIxZbzlC9ewu/VDOEH0Uxt4UyQBdwh08Ip6SgLLfnG2dHWu6DaYCrepw==",
      "requires": {
        "@aws-sdk/property-provider": "3.50.0",
        "@aws-sdk/types": "3.50.0",
        "bowser": "^2.11.0",
        "tslib": "^2.3.0"
      }
    },
    "@aws-sdk/util-defaults-mode-node": {
      "version": "3.51.0",
      "resolved": "https://registry.npmjs.org/@aws-sdk/util-defaults-mode-node/-/util-defaults-mode-node-3.51.0.tgz",
      "integrity": "sha512-DK58poVQyp+cnW6Udtxdc3b/2QW24kODQVWZ1pgg3jhhekb/mHLVSxtsA34OcTpoYOu78EpFdM0SmeoDJIQ3Zw==",
      "requires": {
        "@aws-sdk/config-resolver": "3.51.0",
        "@aws-sdk/credential-provider-imds": "3.51.0",
        "@aws-sdk/node-config-provider": "3.51.0",
        "@aws-sdk/property-provider": "3.50.0",
        "@aws-sdk/types": "3.50.0",
        "tslib": "^2.3.0"
      }
    },
    "@aws-sdk/util-hex-encoding": {
      "version": "3.49.0",
      "resolved": "https://registry.npmjs.org/@aws-sdk/util-hex-encoding/-/util-hex-encoding-3.49.0.tgz",
      "integrity": "sha512-ZbPu8Dd3Qm0BMP71FWUH7KPpZA/6izfkDlxbvHxtHdW7XYZALuJ0cVRpWGIY2fCSuA9X8Jfn60KMyjuSAuzM1w==",
      "requires": {
        "tslib": "^2.3.0"
      }
    },
    "@aws-sdk/util-locate-window": {
      "version": "3.49.0",
      "resolved": "https://registry.npmjs.org/@aws-sdk/util-locate-window/-/util-locate-window-3.49.0.tgz",
      "integrity": "sha512-ryw+t+quF1raaK0nXSplMiCVnahNLNgNDijZCFFkddGTMaCy+L4VRLYyNms3bgwt3G0BmVn9f3uyDWRSkn5sSg==",
      "requires": {
        "tslib": "^2.3.0"
      }
    },
    "@aws-sdk/util-uri-escape": {
      "version": "3.49.0",
      "resolved": "https://registry.npmjs.org/@aws-sdk/util-uri-escape/-/util-uri-escape-3.49.0.tgz",
      "integrity": "sha512-NH7iQUYvijYZEOzZkF/QQrp8kBOA9H0Z89hR/63FDCjr1M0Cdcs1bLaFO0a0qbW9NQtoYNsMBMk7pTveDrAzTw==",
      "requires": {
        "tslib": "^2.3.0"
      }
    },
    "@aws-sdk/util-user-agent-browser": {
      "version": "3.50.0",
      "resolved": "https://registry.npmjs.org/@aws-sdk/util-user-agent-browser/-/util-user-agent-browser-3.50.0.tgz",
      "integrity": "sha512-QKbR/4bqq1ZAL1e+R8LHbiHPnoszBJ1rQDETj+Mu75hal7ZQ0K4MMNpNnH0tp+ZXh+i0JfUltROH37nPe4K7MQ==",
      "requires": {
        "@aws-sdk/types": "3.50.0",
        "bowser": "^2.11.0",
        "tslib": "^2.3.0"
      }
    },
    "@aws-sdk/util-user-agent-node": {
      "version": "3.51.0",
      "resolved": "https://registry.npmjs.org/@aws-sdk/util-user-agent-node/-/util-user-agent-node-3.51.0.tgz",
      "integrity": "sha512-ugugN/PcsqF50UhdBZe0pElJWYJ2qdc8qBpU9vq4KzgyhHJ1M7tCpo2Wjg5h0JvMoEzu9Kc1qxSN0YIW8Vct8Q==",
      "requires": {
        "@aws-sdk/node-config-provider": "3.51.0",
        "@aws-sdk/types": "3.50.0",
        "tslib": "^2.3.0"
      }
    },
    "@aws-sdk/util-utf8-browser": {
      "version": "3.49.0",
      "resolved": "https://registry.npmjs.org/@aws-sdk/util-utf8-browser/-/util-utf8-browser-3.49.0.tgz",
      "integrity": "sha512-u9ZgAiTWX9yZFQ/ptlnVpYJ/rXF7aE2Wagar1IjhZrnxXbpVJvcX1EeRayxI1P5AAp2y2fiEKHZzX9ugTwOcEg==",
      "requires": {
        "tslib": "^2.3.0"
      }
    },
    "@aws-sdk/util-utf8-node": {
      "version": "3.49.0",
      "resolved": "https://registry.npmjs.org/@aws-sdk/util-utf8-node/-/util-utf8-node-3.49.0.tgz",
      "integrity": "sha512-QTF5b5OT2y6xsQl8sDiiXqg2n/VtgqFA+tP3WMooOSFd/ZFBbT6HoiSHXHMeTjpB/L9ZT+eUaCoBz8Jq09lBDg==",
      "requires": {
        "@aws-sdk/util-buffer-from": "3.49.0",
        "tslib": "^2.3.0"
      }
    },
    "@types/node": {
      "version": "14.18.11",
      "resolved": "https://registry.npmjs.org/@types/node/-/node-14.18.11.tgz",
      "integrity": "sha512-zCoCEMA+IPpsRkyCFBqew5vGb7r8RSiB3uwdu/map7uwLAfu1MTazW26/pUDWoNnF88vJz4W3U56i5gtXNqxGg==",
      "dev": true
    },
    "agent-base": {
      "version": "6.0.2",
      "resolved": "https://registry.npmjs.org/agent-base/-/agent-base-6.0.2.tgz",
      "integrity": "sha512-RZNwNclF7+MS/8bDg70amg32dyeZGZxiDuQmZxKLAlQjr3jGyLx+4Kkk58UO7D2QdgFIQCovuSuZESne6RG6XQ==",
      "requires": {
        "debug": "4"
      }
    },
    "asap": {
      "version": "2.0.6",
      "resolved": "https://registry.npmjs.org/asap/-/asap-2.0.6.tgz",
      "integrity": "sha1-5QNHYR1+aQlDIIu9r+vLwvuGbUY="
    },
    "axios": {
      "version": "0.25.0",
      "resolved": "https://registry.npmjs.org/axios/-/axios-0.25.0.tgz",
      "integrity": "sha512-cD8FOb0tRH3uuEe6+evtAbgJtfxr7ly3fQjYcMcuPlgkwVS9xboaVIpcDV+cYQe+yGykgwZCs1pzjntcGa6l5g==",
      "requires": {
        "follow-redirects": "^1.14.7"
      }
    },
    "bowser": {
      "version": "2.11.0",
      "resolved": "https://registry.npmjs.org/bowser/-/bowser-2.11.0.tgz",
      "integrity": "sha512-AlcaJBi/pqqJBIQ8U9Mcpc9i8Aqxn88Skv5d+xBX006BY5u8N3mGLHa5Lgppa7L/HfwgwLgZ6NYs+Ag6uUmJRA=="
    },
    "buffer-equal-constant-time": {
      "version": "1.0.1",
      "resolved": "https://registry.npmjs.org/buffer-equal-constant-time/-/buffer-equal-constant-time-1.0.1.tgz",
      "integrity": "sha1-+OcRMvf/5uAaXJaXpMbz5I1cyBk="
    },
    "call-bind": {
      "version": "1.0.2",
      "resolved": "https://registry.npmjs.org/call-bind/-/call-bind-1.0.2.tgz",
      "integrity": "sha512-7O+FbCihrB5WGbFYesctwmTKae6rOiIzmz1icreWJ+0aA7LJfuqhEso2T9ncpcFtzMQtzXf2QGGueWJGTYsqrA==",
      "requires": {
        "function-bind": "^1.1.1",
        "get-intrinsic": "^1.0.2"
      }
    },
    "dayjs": {
      "version": "1.10.7",
      "resolved": "https://registry.npmjs.org/dayjs/-/dayjs-1.10.7.tgz",
      "integrity": "sha512-P6twpd70BcPK34K26uJ1KT3wlhpuOAPoMwJzpsIWUxHZ7wpmbdZL/hQqBDfz7hGurYSa5PhzdhDHtt319hL3ig=="
    },
    "debug": {
      "version": "4.3.3",
      "resolved": "https://registry.npmjs.org/debug/-/debug-4.3.3.tgz",
      "integrity": "sha512-/zxw5+vh1Tfv+4Qn7a5nsbcJKPaSvCDhojn6FEl9vupwK2VCSDtEiEtqr8DFtzYFOdz63LBkxec7DYuc2jon6Q==",
      "requires": {
        "ms": "2.1.2"
      }
    },
    "ecdsa-sig-formatter": {
      "version": "1.0.11",
      "resolved": "https://registry.npmjs.org/ecdsa-sig-formatter/-/ecdsa-sig-formatter-1.0.11.tgz",
      "integrity": "sha512-nagl3RYrbNv6kQkeJIpt6NJZy8twLB/2vtz6yN9Z4vRKHN4/QZJIEbqohALSgwKdnksuY3k5Addp5lg8sVoVcQ==",
      "requires": {
        "safe-buffer": "^5.0.1"
      }
    },
    "entities": {
      "version": "2.2.0",
      "resolved": "https://registry.npmjs.org/entities/-/entities-2.2.0.tgz",
      "integrity": "sha512-p92if5Nz619I0w+akJrLZH0MX0Pb5DX39XOwQTtXSdQQOaYH03S1uIQp4mhOZtAXrxq4ViO67YTiLBo2638o9A=="
    },
    "fast-xml-parser": {
      "version": "3.19.0",
      "resolved": "https://registry.npmjs.org/fast-xml-parser/-/fast-xml-parser-3.19.0.tgz",
      "integrity": "sha512-4pXwmBplsCPv8FOY1WRakF970TjNGnGnfbOnLqjlYvMiF1SR3yOHyxMR/YCXpPTOspNF5gwudqktIP4VsWkvBg=="
    },
    "follow-redirects": {
      "version": "1.14.8",
      "resolved": "https://registry.npmjs.org/follow-redirects/-/follow-redirects-1.14.8.tgz",
      "integrity": "sha512-1x0S9UVJHsQprFcEC/qnNzBLcIxsjAV905f/UkQxbclCsoTWlacCNOpQa/anodLl2uaEKFhfWOvM2Qg77+15zA=="
    },
    "function-bind": {
      "version": "1.1.1",
      "resolved": "https://registry.npmjs.org/function-bind/-/function-bind-1.1.1.tgz",
      "integrity": "sha512-yIovAzMX49sF8Yl58fSCWJ5svSLuaibPxXQJFLmBObTuCr0Mf1KiPopGM9NiFjiYBCbfaa2Fh6breQ6ANVTI0A=="
    },
    "get-intrinsic": {
      "version": "1.1.1",
      "resolved": "https://registry.npmjs.org/get-intrinsic/-/get-intrinsic-1.1.1.tgz",
      "integrity": "sha512-kWZrnVM42QCiEA2Ig1bG8zjoIMOgxWwYCEeNdwY6Tv/cOSeGpcoX4pXHfKUxNKVoArnrEr2e9srnAxxGIraS9Q==",
      "requires": {
        "function-bind": "^1.1.1",
        "has": "^1.0.3",
        "has-symbols": "^1.0.1"
      }
    },
    "has": {
      "version": "1.0.3",
      "resolved": "https://registry.npmjs.org/has/-/has-1.0.3.tgz",
      "integrity": "sha512-f2dvO0VU6Oej7RkWJGrehjbzMAjFp5/VKPp5tTpWIV4JHHZK1/BxbFRtf/siA2SWTe09caDmVtYYzWEIbBS4zw==",
      "requires": {
        "function-bind": "^1.1.1"
      }
    },
    "has-symbols": {
      "version": "1.0.2",
      "resolved": "https://registry.npmjs.org/has-symbols/-/has-symbols-1.0.2.tgz",
      "integrity": "sha512-chXa79rL/UC2KlX17jo3vRGz0azaWEx5tGqZg5pO3NUyEJVB17dMruQlzCCOfUvElghKcm5194+BCRvi2Rv/Gw=="
    },
    "https-proxy-agent": {
      "version": "5.0.0",
      "resolved": "https://registry.npmjs.org/https-proxy-agent/-/https-proxy-agent-5.0.0.tgz",
      "integrity": "sha512-EkYm5BcKUGiduxzSt3Eppko+PiNWNEpa4ySk9vTC6wDsQJW9rHSa+UhGNJoRYp7bz6Ht1eaRIa6QaJqO5rCFbA==",
      "requires": {
        "agent-base": "6",
        "debug": "4"
      }
    },
    "jsonwebtoken": {
      "version": "8.5.1",
      "resolved": "https://registry.npmjs.org/jsonwebtoken/-/jsonwebtoken-8.5.1.tgz",
      "integrity": "sha512-XjwVfRS6jTMsqYs0EsuJ4LGxXV14zQybNd4L2r0UvbVnSF9Af8x7p5MzbJ90Ioz/9TI41/hTCvznF/loiSzn8w==",
      "requires": {
        "jws": "^3.2.2",
        "lodash.includes": "^4.3.0",
        "lodash.isboolean": "^3.0.3",
        "lodash.isinteger": "^4.0.4",
        "lodash.isnumber": "^3.0.3",
        "lodash.isplainobject": "^4.0.6",
        "lodash.isstring": "^4.0.1",
        "lodash.once": "^4.0.0",
        "ms": "^2.1.1",
        "semver": "^5.6.0"
      }
    },
    "jwa": {
      "version": "1.4.1",
      "resolved": "https://registry.npmjs.org/jwa/-/jwa-1.4.1.tgz",
      "integrity": "sha512-qiLX/xhEEFKUAJ6FiBMbes3w9ATzyk5W7Hvzpa/SLYdxNtng+gcurvrI7TbACjIXlsJyr05/S1oUhZrc63evQA==",
      "requires": {
        "buffer-equal-constant-time": "1.0.1",
        "ecdsa-sig-formatter": "1.0.11",
        "safe-buffer": "^5.0.1"
      }
    },
    "jws": {
      "version": "3.2.2",
      "resolved": "https://registry.npmjs.org/jws/-/jws-3.2.2.tgz",
      "integrity": "sha512-YHlZCB6lMTllWDtSPHz/ZXTsi8S00usEV6v1tjq8tOUZzw7DpSDWVXjXDre6ed1w/pd495ODpHZYSdkRTsa0HA==",
      "requires": {
        "jwa": "^1.4.1",
        "safe-buffer": "^5.0.1"
      }
    },
    "lodash": {
      "version": "4.17.21",
      "resolved": "https://registry.npmjs.org/lodash/-/lodash-4.17.21.tgz",
      "integrity": "sha512-v2kDEe57lecTulaDIuNTPy3Ry4gLGJ6Z1O3vE1krgXZNrsQ+LFTGHVxVjcXPs17LhbZVGedAJv8XZ1tvj5FvSg=="
    },
    "lodash.includes": {
      "version": "4.3.0",
      "resolved": "https://registry.npmjs.org/lodash.includes/-/lodash.includes-4.3.0.tgz",
      "integrity": "sha1-YLuYqHy5I8aMoeUTJUgzFISfVT8="
    },
    "lodash.isboolean": {
      "version": "3.0.3",
      "resolved": "https://registry.npmjs.org/lodash.isboolean/-/lodash.isboolean-3.0.3.tgz",
      "integrity": "sha1-bC4XHbKiV82WgC/UOwGyDV9YcPY="
    },
    "lodash.isinteger": {
      "version": "4.0.4",
      "resolved": "https://registry.npmjs.org/lodash.isinteger/-/lodash.isinteger-4.0.4.tgz",
      "integrity": "sha1-YZwK89A/iwTDH1iChAt3sRzWg0M="
    },
    "lodash.isnumber": {
      "version": "3.0.3",
      "resolved": "https://registry.npmjs.org/lodash.isnumber/-/lodash.isnumber-3.0.3.tgz",
      "integrity": "sha1-POdoEMWSjQM1IwGsKHMX8RwLH/w="
    },
    "lodash.isplainobject": {
      "version": "4.0.6",
      "resolved": "https://registry.npmjs.org/lodash.isplainobject/-/lodash.isplainobject-4.0.6.tgz",
      "integrity": "sha1-fFJqUtibRcRcxpC4gWO+BJf1UMs="
    },
    "lodash.isstring": {
      "version": "4.0.1",
      "resolved": "https://registry.npmjs.org/lodash.isstring/-/lodash.isstring-4.0.1.tgz",
      "integrity": "sha1-1SfftUVuynzJu5XV2ur4i6VKVFE="
    },
    "lodash.once": {
      "version": "4.1.1",
      "resolved": "https://registry.npmjs.org/lodash.once/-/lodash.once-4.1.1.tgz",
      "integrity": "sha1-DdOXEhPHxW34gJd9UEyI+0cal6w="
    },
    "ms": {
      "version": "2.1.2",
      "resolved": "https://registry.npmjs.org/ms/-/ms-2.1.2.tgz",
      "integrity": "sha512-sGkPx+VjMtmA6MX27oA4FBFELFCZZ4S4XqeGOXCv68tT+jb3vk/RyaKWP0PTKyWtmLSM0b+adUTEvbs1PEaH2w=="
    },
    "object-inspect": {
      "version": "1.12.0",
      "resolved": "https://registry.npmjs.org/object-inspect/-/object-inspect-1.12.0.tgz",
      "integrity": "sha512-Ho2z80bVIvJloH+YzRmpZVQe87+qASmBUKZDWgx9cu+KDrX2ZDH/3tMy+gXbZETVGs2M8YdxObOh7XAtim9Y0g=="
    },
    "pop-iterate": {
      "version": "1.0.1",
      "resolved": "https://registry.npmjs.org/pop-iterate/-/pop-iterate-1.0.1.tgz",
      "integrity": "sha1-zqz9q0q/NT16DyqqLB/Hs/lBO6M="
    },
    "q": {
      "version": "2.0.3",
      "resolved": "https://registry.npmjs.org/q/-/q-2.0.3.tgz",
      "integrity": "sha1-dbjbAlWhpa+C9Yw/Oqoe/sfQ0TQ=",
      "requires": {
        "asap": "^2.0.0",
        "pop-iterate": "^1.0.1",
        "weak-map": "^1.0.5"
      }
    },
    "qs": {
      "version": "6.10.3",
      "resolved": "https://registry.npmjs.org/qs/-/qs-6.10.3.tgz",
      "integrity": "sha512-wr7M2E0OFRfIfJZjKGieI8lBKb7fRCH4Fv5KNPEs7gJ8jadvotdsS08PzOKR7opXhZ/Xkjtt3WF9g38drmyRqQ==",
      "requires": {
        "side-channel": "^1.0.4"
      }
    },
    "querystringify": {
      "version": "2.2.0",
      "resolved": "https://registry.npmjs.org/querystringify/-/querystringify-2.2.0.tgz",
      "integrity": "sha512-FIqgj2EUvTa7R50u0rGsyTftzjYmv/a3hO345bZNrqabNqjtgiDMgmo4mkUjd+nzU5oF3dClKqFIPUKybUyqoQ=="
    },
    "requires-port": {
      "version": "1.0.0",
      "resolved": "https://registry.npmjs.org/requires-port/-/requires-port-1.0.0.tgz",
      "integrity": "sha1-kl0mAdOaxIXgkc8NpcbmlNw9yv8="
    },
    "rootpath": {
      "version": "0.1.2",
      "resolved": "https://registry.npmjs.org/rootpath/-/rootpath-0.1.2.tgz",
      "integrity": "sha1-Wzeah9ypBum5HWkKWZQ5vvJn6ms="
    },
    "safe-buffer": {
      "version": "5.2.1",
      "resolved": "https://registry.npmjs.org/safe-buffer/-/safe-buffer-5.2.1.tgz",
      "integrity": "sha512-rp3So07KcdmmKbGvgaNxQSJr7bGVSVk5S9Eq1F+ppbRo70+YeaDxkw5Dd8NPN+GD6bjnYm2VuPuCXmpuYvmCXQ=="
    },
    "scmp": {
      "version": "2.1.0",
      "resolved": "https://registry.npmjs.org/scmp/-/scmp-2.1.0.tgz",
      "integrity": "sha512-o/mRQGk9Rcer/jEEw/yw4mwo3EU/NvYvp577/Btqrym9Qy5/MdWGBqipbALgd2lrdWTJ5/gqDusxfnQBxOxT2Q=="
    },
    "semver": {
      "version": "5.7.1",
      "resolved": "https://registry.npmjs.org/semver/-/semver-5.7.1.tgz",
      "integrity": "sha512-sauaDf/PZdVgrLTNYHRtpXa1iRiKcaebiKQ1BJdpQlWH2lCvexQdX55snPFyK7QzpudqbCI0qXFfOasHdyNDGQ=="
    },
    "side-channel": {
      "version": "1.0.4",
      "resolved": "https://registry.npmjs.org/side-channel/-/side-channel-1.0.4.tgz",
      "integrity": "sha512-q5XPytqFEIKHkGdiMIrY10mvLRvnQh42/+GoBlFW3b2LXLE2xxJpZFdm94we0BaoV3RwJyGqg5wS7epxTv0Zvw==",
      "requires": {
        "call-bind": "^1.0.0",
        "get-intrinsic": "^1.0.2",
        "object-inspect": "^1.9.0"
      }
    },
    "tslib": {
      "version": "2.3.1",
      "resolved": "https://registry.npmjs.org/tslib/-/tslib-2.3.1.tgz",
      "integrity": "sha512-77EbyPPpMz+FRFRuAFlWMtmgUWGe9UOG2Z25NqCwiIjRhOf5iKGuzSe5P2w1laq+FkRy4p+PCuVkJSGkzTEKVw=="
    },
    "twilio": {
      "version": "3.74.0",
      "resolved": "https://registry.npmjs.org/twilio/-/twilio-3.74.0.tgz",
      "integrity": "sha512-r79CWIug+x2/1uGOdAzGESvUvycxPCvVJ9rm4y1TsAocshTh+f5+ipULxyT3T5q4wJNT+k2OEiUBkKFA+cpQ/A==",
      "requires": {
        "axios": "^0.25.0",
        "dayjs": "^1.8.29",
        "https-proxy-agent": "^5.0.0",
        "jsonwebtoken": "^8.5.1",
        "lodash": "^4.17.21",
        "q": "2.0.x",
        "qs": "^6.9.4",
        "rootpath": "^0.1.2",
        "scmp": "^2.1.0",
        "url-parse": "^1.5.3",
        "xmlbuilder": "^13.0.2"
      }
    },
    "url-parse": {
      "version": "1.5.4",
      "resolved": "https://registry.npmjs.org/url-parse/-/url-parse-1.5.4.tgz",
      "integrity": "sha512-ITeAByWWoqutFClc/lRZnFplgXgEZr3WJ6XngMM/N9DMIm4K8zXPCZ1Jdu0rERwO84w1WC5wkle2ubwTA4NTBg==",
      "requires": {
        "querystringify": "^2.1.1",
        "requires-port": "^1.0.0"
      }
    },
    "uuid": {
      "version": "8.3.2",
      "resolved": "https://registry.npmjs.org/uuid/-/uuid-8.3.2.tgz",
      "integrity": "sha512-+NYs2QeMWy+GWFOEm9xnn6HCDp0l7QBD7ml8zLUmJ+93Q5NF0NocErnwkTkXVFNiX3/fpC6afS8Dhb/gz7R7eg=="
    },
    "weak-map": {
      "version": "1.0.5",
      "resolved": "https://registry.npmjs.org/weak-map/-/weak-map-1.0.5.tgz",
      "integrity": "sha1-eWkVhNmGB/UHC9O3CkDmuyLkAes="
    },
    "xmlbuilder": {
      "version": "13.0.2",
      "resolved": "https://registry.npmjs.org/xmlbuilder/-/xmlbuilder-13.0.2.tgz",
      "integrity": "sha512-Eux0i2QdDYKbdbA6AM6xE4m6ZTZr4G4xF9kahI2ukSEMCzwce2eX9WlTI5J3s+NU7hpasFsr8hWIONae7LluAQ=="
    }
  }
}
